
Microsoft Visual Studio Solution File, Format Version 12.00
# Visual Studio Version 16
VisualStudioVersion = 16.0.31702.278
MinimumVisualStudioVersion = 10.0.40219.1
Project("{FAE04EC0-301F-11D3-BF4B-00C04F79EFBC}") = "netcore-training", "netcore-training\netcore-training.csproj", "{EAA91136-058D-4E92-85C5-9473788E005E}"
EndProject
Global
	GlobalSection(SolutionConfigurationPlatforms) = preSolution
		Debug|Any CPU = Debug|Any CPU
		Release|Any CPU = Release|Any CPU
	EndGlobalSection
	GlobalSection(ProjectConfigurationPlatforms) = postSolution
		{EAA91136-058D-4E92-85C5-9473788E005E}.Debug|Any CPU.ActiveCfg = Debug|Any CPU
		{EAA91136-058D-4E92-85C5-9473788E005E}.Debug|Any CPU.Build.0 = Debug|Any CPU
		{EAA91136-058D-4E92-85C5-9473788E005E}.Release|Any CPU.ActiveCfg = Release|Any CPU
		{EAA91136-058D-4E92-85C5-9473788E005E}.Release|Any CPU.Build.0 = Release|Any CPU
	EndGlobalSection
	GlobalSection(SolutionProperties) = preSolution
		HideSolutionNode = FALSE
	EndGlobalSection
	GlobalSection(ExtensibilityGlobals) = postSolution
		SolutionGuid = {B6AEBEBF-8E28-4F86-8A5B-3E29BF0F586E}
	EndGlobalSection
EndGlobal
